<?xml version="1.0" encoding="UTF-8" standalone="yes" ?>
<CodeBlocks_project_file>
	<FileVersion major="1" minor="6" />
	<Project>
		<Option title="NanoExec" />
		<Option pch_mode="2" />
		<Option compiler="icccortex" />
		<Build>
			<Target title="default">
				<Option output="libNanoExec.a" prefix_auto="0" extension_auto="0" />
				<Option working_dir="" />
				<Option type="2" />
				<Option compiler="icccortex" />
				<Option createDefFile="1" />
			</Target>
		</Build>
		<Compiler>
			<Add option="-e" />
			<Add option="-D__ICC_VERSION=81700" />
			<Add option="-DST" />
			<Add option="-DSTM32F103R8" />
			<Add option="-l" />
			<Add option="-A" />
			<Add option="-g" />
			<Add option="-MM3" />
			<Add option="-D__BUILD=50" />
			<Add directory="$(TARGET_COMPILER_DIR)include/jsapi/stm32f4/" />
		</Compiler>
		<Linker>
			<Add option="-mSTM32F103R8" />
			<Add option="-g" />
			<Add option="-bvectors:0x8000000.0x8000200" />
			<Add option="-btext:0x8000200.0x8010000" />
			<Add option="-bdata:0x20000000.0x20005000" />
			<Add option="-dinit_sp:0x20005000" />
			<Add option="-fintelhex" />
			<Add option="-nb:50" />
			<Add library="ccortex" />
		</Linker>
		<ExtraCommands>
			<Add after="cmd /c copy /Y C:\Work\V8\NanoExec\Cortex\nanoexec.h $(TARGET_COMPILER_DIR)include\" />
		</ExtraCommands>
		<Unit filename="_nanoexec.s" />
		<Unit filename="nanoexec.c">
			<Option compilerVar="CC" />
		</Unit>
		<Unit filename="nanoexec.h" />
		<Extensions>
			<code_completion />
			<debugger />
		</Extensions>
	</Project>
</CodeBlocks_project_file>
